{
  "name": "pacificreef2",
  "version": "1.0.0",
  "lockfileVersion": 3,
  "requires": true,
  "packages": {
    "": {
      "name": "pacificreef2",
      "version": "1.0.0",
      "dependencies": {
        "flag-icons": "^7.2.3",
        "mdb-ui-kit": "^7.3.2"
      }
    },
    "node_modules/flag-icons": {
      "version": "7.2.3",
      "resolved": "https://registry.npmjs.org/flag-icons/-/flag-icons-7.2.3.tgz",
      "integrity": "sha512-X2gUdteNuqdNqob2KKTJTS+ZCvyWeLCtDz9Ty8uJP17Y4o82Y+U/Vd4JNrdwTAjagYsRznOn9DZ+E/Q52qbmqg=="
    },
    "node_modules/mdb-ui-kit": {
      "version": "7.3.2",
      "resolved": "https://registry.npmjs.org/mdb-ui-kit/-/mdb-ui-kit-7.3.2.tgz",
      "integrity": "sha512-iFng2p5Tfx/IKMEAxG2/pFTDPPS0FQ5xossQkuV9TFUaMAxtOlTbRgogfachBabC6A35xyJmA6ZWFeblTPJnEw=="
    }
  }
}
